
Microsoft Visual Studio Solution File, Format Version 12.00
# Visual Studio Version 16
VisualStudioVersion = 16.0.29709.97
MinimumVisualStudioVersion = 10.0.40219.1
Project("{FAE04EC0-301F-11D3-BF4B-00C04F79EFBC}") = "regularhl", "regularhl.csproj", "{635D02B8-5A26-4C0C-AA39-E5BA91592B7F}"
EndProject
Global
	GlobalSection(SolutionConfigurationPlatforms) = preSolution
		Debug|Any CPU = Debug|Any CPU
		Release|Any CPU = Release|Any CPU
	EndGlobalSection
	GlobalSection(ProjectConfigurationPlatforms) = postSolution
		{635D02B8-5A26-4C0C-AA39-E5BA91592B7F}.Debug|Any CPU.ActiveCfg = Debug|Any CPU
		{635D02B8-5A26-4C0C-AA39-E5BA91592B7F}.Debug|Any CPU.Build.0 = Debug|Any CPU
		{635D02B8-5A26-4C0C-AA39-E5BA91592B7F}.Release|Any CPU.ActiveCfg = Release|Any CPU
		{635D02B8-5A26-4C0C-AA39-E5BA91592B7F}.Release|Any CPU.Build.0 = Release|Any CPU
	EndGlobalSection
	GlobalSection(SolutionProperties) = preSolution
		HideSolutionNode = FALSE
	EndGlobalSection
	GlobalSection(ExtensibilityGlobals) = postSolution
		SolutionGuid = {88CCA80B-63BA-482A-BB84-DAB14938F00B}
	EndGlobalSection
EndGlobal
